{
  "requires": true,
  "lockfileVersion": 1,
  "dependencies": {
    "jquery": {
      "version": "3.5.1",
      "resolved": "https://registry.npmjs.org/jquery/-/jquery-3.5.1.tgz",
      "integrity": "sha512-XwIBPqcMn57FxfT+Go5pzySnm4KWkT1Tv7gjrpT1srtf8Weynl6R273VJ5GjkRb51IzMp5nbaPjJXMWeju2MKg=="
    },
    "ngx-owl-carousel": {
      "version": "2.0.7",
      "resolved": "https://registry.npmjs.org/ngx-owl-carousel/-/ngx-owl-carousel-2.0.7.tgz",
      "integrity": "sha512-y2RkgavDwLx//3iDnheX9WCo3EdZR09QJSoXmQDQR386LmOJSmqF0fOCJAgcp/l4GkdkEH8DpIu3VL+8TxWCJw==",
      "requires": {
        "jquery": ">= 2.2.0",
        "owl.carousel": "^2.2.0"
      }
    },
    "ngx-owl-carousel-o": {
      "version": "4.0.0",
      "resolved": "https://registry.npmjs.org/ngx-owl-carousel-o/-/ngx-owl-carousel-o-4.0.0.tgz",
      "integrity": "sha512-CaHiC9XyTgk4bMSVdYivUUFnvLU8ghouCPwxK25419SDfLeCo/gtfqkLQf5HdS1qIIQ0niAKSN8tQBz1HX0OKA==",
      "requires": {
        "tslib": "^2.0.0"
      }
    },
    "owl.carousel": {
      "version": "2.3.4",
      "resolved": "https://registry.npmjs.org/owl.carousel/-/owl.carousel-2.3.4.tgz",
      "integrity": "sha512-JaDss9+feAvEW8KZppPSpllfposEzQiW+Ytt/Xm5t/3CTJ7YVmkh6RkWixoA2yXk2boIwedYxOvrrppIGzru9A==",
      "requires": {
        "jquery": ">=1.8.3"
      }
    },
    "tslib": {
      "version": "2.0.0",
      "resolved": "https://registry.npmjs.org/tslib/-/tslib-2.0.0.tgz",
      "integrity": "sha512-lTqkx847PI7xEDYJntxZH89L2/aXInsyF2luSafe/+0fHOMjlBNXdH6th7f70qxLDhul7KZK0zC8V5ZIyHl0/g=="
    }
  }
}
