
Microsoft Visual Studio Solution File, Format Version 12.00
# Visual Studio Version 16
VisualStudioVersion = 16.0.30128.74
MinimumVisualStudioVersion = 10.0.40219.1
Project("{FAE04EC0-301F-11D3-BF4B-00C04F79EFBC}") = "PortfolioApp", "PortfolioApp.csproj", "{60EAE79F-A137-4B8D-AF68-3910390B8403}"
EndProject
Global
	GlobalSection(SolutionConfigurationPlatforms) = preSolution
		Debug|Any CPU = Debug|Any CPU
		Release|Any CPU = Release|Any CPU
	EndGlobalSection
	GlobalSection(ProjectConfigurationPlatforms) = postSolution
		{60EAE79F-A137-4B8D-AF68-3910390B8403}.Debug|Any CPU.ActiveCfg = Debug|Any CPU
		{60EAE79F-A137-4B8D-AF68-3910390B8403}.Debug|Any CPU.Build.0 = Debug|Any CPU
		{60EAE79F-A137-4B8D-AF68-3910390B8403}.Release|Any CPU.ActiveCfg = Release|Any CPU
		{60EAE79F-A137-4B8D-AF68-3910390B8403}.Release|Any CPU.Build.0 = Release|Any CPU
	EndGlobalSection
	GlobalSection(SolutionProperties) = preSolution
		HideSolutionNode = FALSE
	EndGlobalSection
	GlobalSection(ExtensibilityGlobals) = postSolution
		SolutionGuid = {2F0A5AE2-DA54-47F7-9711-463C5D1F4667}
	EndGlobalSection
EndGlobal
